<?xml version="1.0" encoding="utf-8"?>
<Project ToolsVersion="4.0" xmlns="http://schemas.microsoft.com/developer/msbuild/2003">
  <ItemGroup>
    <ClCompile Include="Context.cpp" />
    <ClCompile Include="Image.cpp" />
    <ClCompile Include="Texture.cpp" />
    <ClCompile Include="GLSLShader.cpp" />
    <ClCompile Include="TriMesh.cpp" />
    <ClCompile Include="Window.cpp" />
  </ItemGroup>
  <ItemGroup>
    <ClInclude Include="Context.hpp" />
    <ClInclude Include="Image.hpp" />
    <ClInclude Include="Texture.hpp" />
    <ClInclude Include="GLSLShader.hpp" />
    <ClInclude Include="TriMesh.hpp" />
    <ClInclude Include="Window.hpp" />
  </ItemGroup>
</Project>