
Microsoft Visual Studio Solution File, Format Version 11.00
# Visual Studio 2010
Project("{8BC9CEB8-8B4A-11D0-8D11-00A0C91BC942}") = "cg1_ex1", "cg1_ex1.vcxproj", "{24D476B7-9CFA-C8EF-92D7-CC041D6818FD}"
EndProject
Global
	GlobalSection(SolutionConfigurationPlatforms) = preSolution
		Debug|Win32 = Debug|Win32
		Release|Win32 = Release|Win32
	EndGlobalSection
	GlobalSection(ProjectConfigurationPlatforms) = postSolution
		{24D476B7-9CFA-C8EF-92D7-CC041D6818FD}.Debug|Win32.ActiveCfg = Debug|Win32
		{24D476B7-9CFA-C8EF-92D7-CC041D6818FD}.Debug|Win32.Build.0 = Debug|Win32
		{24D476B7-9CFA-C8EF-92D7-CC041D6818FD}.Release|Win32.ActiveCfg = Release|Win32
		{24D476B7-9CFA-C8EF-92D7-CC041D6818FD}.Release|Win32.Build.0 = Release|Win32
	EndGlobalSection
	GlobalSection(SolutionProperties) = preSolution
		HideSolutionNode = FALSE
	EndGlobalSection
EndGlobal
